
Microsoft Visual Studio Solution File, Format Version 12.00
# Visual Studio Version 17
VisualStudioVersion = 17.3.32825.248
MinimumVisualStudioVersion = 10.0.40219.1
Project("{FAE04EC0-301F-11D3-BF4B-00C04F79EFBC}") = "HealthSystemV3", "HealthSystemV3\HealthSystemV3.csproj", "{A0212F07-3BAE-4668-81FC-18018B3E7FFE}"
EndProject
Global
	GlobalSection(SolutionConfigurationPlatforms) = preSolution
		Debug|Any CPU = Debug|Any CPU
		Release|Any CPU = Release|Any CPU
	EndGlobalSection
	GlobalSection(ProjectConfigurationPlatforms) = postSolution
		{A0212F07-3BAE-4668-81FC-18018B3E7FFE}.Debug|Any CPU.ActiveCfg = Debug|Any CPU
		{A0212F07-3BAE-4668-81FC-18018B3E7FFE}.Debug|Any CPU.Build.0 = Debug|Any CPU
		{A0212F07-3BAE-4668-81FC-18018B3E7FFE}.Release|Any CPU.ActiveCfg = Release|Any CPU
		{A0212F07-3BAE-4668-81FC-18018B3E7FFE}.Release|Any CPU.Build.0 = Release|Any CPU
	EndGlobalSection
	GlobalSection(SolutionProperties) = preSolution
		HideSolutionNode = FALSE
	EndGlobalSection
	GlobalSection(ExtensibilityGlobals) = postSolution
		SolutionGuid = {93BC14AA-FD1B-4ABD-869E-9AF150B17D4D}
	EndGlobalSection
EndGlobal
